// !$*UTF8*$!
{
	archiveVersion = 1;
	classes = {
	};
	objectVersion = 46;
	objects = {

/* Begin PBXBuildFile section */
		2D49D0E7A0989A05CDFD622A /* TransportSessionTest.swift in Sources */ = {isa = PBXBuildFile; fileRef = 2D49D2A7F9EEA177BC011848 /* TransportSessionTest.swift */; };
		2D49D297041B2B8967C6D69E /* LocksmithSmartLock.swift in Sources */ = {isa = PBXBuildFile; fileRef = 2D49DC92E4A9348533DADD52 /* LocksmithSmartLock.swift */; };
		2D49D72DC912AD4B5FC34E54 /* Settings.swift in Sources */ = {isa = PBXBuildFile; fileRef = 2D49DD154EFDBE5610C23E94 /* Settings.swift */; };
		2D49D75D61B55A2776A554CC /* LocksmithSmartLock.swift in Sources */ = {isa = PBXBuildFile; fileRef = 2D49D548A999640D8433C536 /* LocksmithSmartLock.swift */; };
		A547BAE5A991878BA6B87A74 /* Pods_SmartLockTests.framework in Frameworks */ = {isa = PBXBuildFile; fileRef = B9A3A67E3800C70E6963EA75 /* Pods_SmartLockTests.framework */; settings = {ATTRIBUTES = (Weak, ); }; };
		B90108F51BBC43FC0000023E /* AppDelegate.swift in Sources */ = {isa = PBXBuildFile; fileRef = B90108F41BBC43FC0000023E /* AppDelegate.swift */; };
		B90108F71BBC43FC0000023E /* FirstViewController.swift in Sources */ = {isa = PBXBuildFile; fileRef = B90108F61BBC43FC0000023E /* FirstViewController.swift */; };
		B90108F91BBC43FC0000023E /* SecondViewController.swift in Sources */ = {isa = PBXBuildFile; fileRef = B90108F81BBC43FC0000023E /* SecondViewController.swift */; };
		B90108FC1BBC43FC0000023E /* Main.storyboard in Resources */ = {isa = PBXBuildFile; fileRef = B90108FA1BBC43FC0000023E /* Main.storyboard */; };
		B90108FE1BBC43FC0000023E /* Assets.xcassets in Resources */ = {isa = PBXBuildFile; fileRef = B90108FD1BBC43FC0000023E /* Assets.xcassets */; };
		B90109011BBC43FC0000023E /* LaunchScreen.storyboard in Resources */ = {isa = PBXBuildFile; fileRef = B90108FF1BBC43FC0000023E /* LaunchScreen.storyboard */; };
		B901090C1BBC43FC0000023E /* SmartLockTests.swift in Sources */ = {isa = PBXBuildFile; fileRef = B901090B1BBC43FC0000023E /* SmartLockTests.swift */; };
		B90109171BBC43FD0000023E /* SmartLockUITests.swift in Sources */ = {isa = PBXBuildFile; fileRef = B90109161BBC43FD0000023E /* SmartLockUITests.swift */; };
		B93B9BDF1BD6C2B80061D303 /* FakeTransportSession.swift in Sources */ = {isa = PBXBuildFile; fileRef = B93B9BDB1BD6C2B80061D303 /* FakeTransportSession.swift */; settings = {ASSET_TAGS = (); }; };
		B93B9BE01BD6C2B80061D303 /* TransportSession.swift in Sources */ = {isa = PBXBuildFile; fileRef = B93B9BDC1BD6C2B80061D303 /* TransportSession.swift */; settings = {ASSET_TAGS = (); }; };
		B93B9BE11BD6C2B80061D303 /* TransportSessionProtocol.swift in Sources */ = {isa = PBXBuildFile; fileRef = B93B9BDD1BD6C2B80061D303 /* TransportSessionProtocol.swift */; settings = {ASSET_TAGS = (); }; };
		D117162AF03B889FE02B9E44 /* Pods.framework in Frameworks */ = {isa = PBXBuildFile; fileRef = B0732EF14C935C681C20E8B7 /* Pods.framework */; settings = {ATTRIBUTES = (Weak, ); }; };
/* End PBXBuildFile section */

/* Begin PBXContainerItemProxy section */
		B90109081BBC43FC0000023E /* PBXContainerItemProxy */ = {
			isa = PBXContainerItemProxy;
			containerPortal = B90108E91BBC43FC0000023E /* Project object */;
			proxyType = 1;
			remoteGlobalIDString = B90108F01BBC43FC0000023E;
			remoteInfo = SmartLock;
		};
		B90109131BBC43FD0000023E /* PBXContainerItemProxy */ = {
			isa = PBXContainerItemProxy;
			containerPortal = B90108E91BBC43FC0000023E /* Project object */;
			proxyType = 1;
			remoteGlobalIDString = B90108F01BBC43FC0000023E;
			remoteInfo = SmartLock;
		};
/* End PBXContainerItemProxy section */

/* Begin PBXFileReference section */
		0BB20BCB9F090BDBFB18220F /* Pods.release.xcconfig */ = {isa = PBXFileReference; includeInIndex = 1; lastKnownFileType = text.xcconfig; name = Pods.release.xcconfig; path = "Pods/Target Support Files/Pods/Pods.release.xcconfig"; sourceTree = "<group>"; };
		2880BC66C48BB45E05DA3084 /* Pods-SmartLockTests.debug.xcconfig */ = {isa = PBXFileReference; includeInIndex = 1; lastKnownFileType = text.xcconfig; name = "Pods-SmartLockTests.debug.xcconfig"; path = "Pods/Target Support Files/Pods-SmartLockTests/Pods-SmartLockTests.debug.xcconfig"; sourceTree = "<group>"; };
		2D49D2A7F9EEA177BC011848 /* TransportSessionTest.swift */ = {isa = PBXFileReference; fileEncoding = 4; lastKnownFileType = sourcecode.swift; path = TransportSessionTest.swift; sourceTree = "<group>"; };
		2D49D548A999640D8433C536 /* LocksmithSmartLock.swift */ = {isa = PBXFileReference; fileEncoding = 4; lastKnownFileType = sourcecode.swift; path = LocksmithSmartLock.swift; sourceTree = "<group>"; };
		2D49DC92E4A9348533DADD52 /* LocksmithSmartLock.swift */ = {isa = PBXFileReference; fileEncoding = 4; lastKnownFileType = sourcecode.swift; path = LocksmithSmartLock.swift; sourceTree = "<group>"; };
		2D49DD154EFDBE5610C23E94 /* Settings.swift */ = {isa = PBXFileReference; fileEncoding = 4; lastKnownFileType = sourcecode.swift; path = Settings.swift; sourceTree = "<group>"; };
		311C282A2CBF45D022523F42 /* Pods-SmartLockTests.release.xcconfig */ = {isa = PBXFileReference; includeInIndex = 1; lastKnownFileType = text.xcconfig; name = "Pods-SmartLockTests.release.xcconfig"; path = "Pods/Target Support Files/Pods-SmartLockTests/Pods-SmartLockTests.release.xcconfig"; sourceTree = "<group>"; };
		9CF4C4F8927C408B801F1101 /* Pods.debug.xcconfig */ = {isa = PBXFileReference; includeInIndex = 1; lastKnownFileType = text.xcconfig; name = Pods.debug.xcconfig; path = "Pods/Target Support Files/Pods/Pods.debug.xcconfig"; sourceTree = "<group>"; };
		B0732EF14C935C681C20E8B7 /* Pods.framework */ = {isa = PBXFileReference; explicitFileType = wrapper.framework; includeInIndex = 0; path = Pods.framework; sourceTree = BUILT_PRODUCTS_DIR; };
		B90108F11BBC43FC0000023E /* SmartLock.app */ = {isa = PBXFileReference; explicitFileType = wrapper.application; includeInIndex = 0; path = SmartLock.app; sourceTree = BUILT_PRODUCTS_DIR; };
		B90108F41BBC43FC0000023E /* AppDelegate.swift */ = {isa = PBXFileReference; lastKnownFileType = sourcecode.swift; path = AppDelegate.swift; sourceTree = "<group>"; };
		B90108F61BBC43FC0000023E /* FirstViewController.swift */ = {isa = PBXFileReference; lastKnownFileType = sourcecode.swift; path = FirstViewController.swift; sourceTree = "<group>"; };
		B90108F81BBC43FC0000023E /* SecondViewController.swift */ = {isa = PBXFileReference; lastKnownFileType = sourcecode.swift; path = SecondViewController.swift; sourceTree = "<group>"; };
		B90108FB1BBC43FC0000023E /* Base */ = {isa = PBXFileReference; lastKnownFileType = file.storyboard; name = Base; path = Base.lproj/Main.storyboard; sourceTree = "<group>"; };
		B90108FD1BBC43FC0000023E /* Assets.xcassets */ = {isa = PBXFileReference; lastKnownFileType = folder.assetcatalog; path = Assets.xcassets; sourceTree = "<group>"; };
		B90109001BBC43FC0000023E /* Base */ = {isa = PBXFileReference; lastKnownFileType = file.storyboard; name = Base; path = Base.lproj/LaunchScreen.storyboard; sourceTree = "<group>"; };
		B90109021BBC43FC0000023E /* Info.plist */ = {isa = PBXFileReference; lastKnownFileType = text.plist.xml; path = Info.plist; sourceTree = "<group>"; };
		B90109071BBC43FC0000023E /* SmartLockTests.xctest */ = {isa = PBXFileReference; explicitFileType = wrapper.cfbundle; includeInIndex = 0; path = SmartLockTests.xctest; sourceTree = BUILT_PRODUCTS_DIR; };
		B901090B1BBC43FC0000023E /* SmartLockTests.swift */ = {isa = PBXFileReference; lastKnownFileType = sourcecode.swift; path = SmartLockTests.swift; sourceTree = "<group>"; };
		B901090D1BBC43FC0000023E /* Info.plist */ = {isa = PBXFileReference; lastKnownFileType = text.plist.xml; path = Info.plist; sourceTree = "<group>"; };
		B90109121BBC43FD0000023E /* SmartLockUITests.xctest */ = {isa = PBXFileReference; explicitFileType = wrapper.cfbundle; includeInIndex = 0; path = SmartLockUITests.xctest; sourceTree = BUILT_PRODUCTS_DIR; };
		B90109161BBC43FD0000023E /* SmartLockUITests.swift */ = {isa = PBXFileReference; lastKnownFileType = sourcecode.swift; path = SmartLockUITests.swift; sourceTree = "<group>"; };
		B90109181BBC43FD0000023E /* Info.plist */ = {isa = PBXFileReference; lastKnownFileType = text.plist.xml; path = Info.plist; sourceTree = "<group>"; };
		B93B9BDB1BD6C2B80061D303 /* FakeTransportSession.swift */ = {isa = PBXFileReference; fileEncoding = 4; lastKnownFileType = sourcecode.swift; path = FakeTransportSession.swift; sourceTree = "<group>"; };
		B93B9BDC1BD6C2B80061D303 /* TransportSession.swift */ = {isa = PBXFileReference; fileEncoding = 4; lastKnownFileType = sourcecode.swift; path = TransportSession.swift; sourceTree = "<group>"; };
		B93B9BDD1BD6C2B80061D303 /* TransportSessionProtocol.swift */ = {isa = PBXFileReference; fileEncoding = 4; lastKnownFileType = sourcecode.swift; path = TransportSessionProtocol.swift; sourceTree = "<group>"; };
		B9A3A67E3800C70E6963EA75 /* Pods_SmartLockTests.framework */ = {isa = PBXFileReference; explicitFileType = wrapper.framework; includeInIndex = 0; path = Pods_SmartLockTests.framework; sourceTree = BUILT_PRODUCTS_DIR; };
/* End PBXFileReference section */

/* Begin PBXFrameworksBuildPhase section */
		B90108EE1BBC43FC0000023E /* Frameworks */ = {
			isa = PBXFrameworksBuildPhase;
			buildActionMask = 2147483647;
			files = (
				D117162AF03B889FE02B9E44 /* Pods.framework in Frameworks */,
			);
			runOnlyForDeploymentPostprocessing = 0;
		};
		B90109041BBC43FC0000023E /* Frameworks */ = {
			isa = PBXFrameworksBuildPhase;
			buildActionMask = 2147483647;
			files = (
				A547BAE5A991878BA6B87A74 /* Pods_SmartLockTests.framework in Frameworks */,
			);
			runOnlyForDeploymentPostprocessing = 0;
		};
		B901090F1BBC43FD0000023E /* Frameworks */ = {
			isa = PBXFrameworksBuildPhase;
			buildActionMask = 2147483647;
			files = (
			);
			runOnlyForDeploymentPostprocessing = 0;
		};
/* End PBXFrameworksBuildPhase section */

/* Begin PBXGroup section */
		0DA20438E091F1A106B80680 /* Frameworks */ = {
			isa = PBXGroup;
			children = (
				B0732EF14C935C681C20E8B7 /* Pods.framework */,
				B9A3A67E3800C70E6963EA75 /* Pods_SmartLockTests.framework */,
			);
			name = Frameworks;
			sourceTree = "<group>";
		};
		591E3B6E90010C7DF25E18E5 /* Pods */ = {
			isa = PBXGroup;
			children = (
				9CF4C4F8927C408B801F1101 /* Pods.debug.xcconfig */,
				0BB20BCB9F090BDBFB18220F /* Pods.release.xcconfig */,
				2880BC66C48BB45E05DA3084 /* Pods-SmartLockTests.debug.xcconfig */,
				311C282A2CBF45D022523F42 /* Pods-SmartLockTests.release.xcconfig */,
			);
			name = Pods;
			sourceTree = "<group>";
		};
		B90108E81BBC43FC0000023E = {
			isa = PBXGroup;
			children = (
				B90108F31BBC43FC0000023E /* SmartLock */,
				B901090A1BBC43FC0000023E /* SmartLockTests */,
				B90109151BBC43FD0000023E /* SmartLockUITests */,
				B90108F21BBC43FC0000023E /* Products */,
				591E3B6E90010C7DF25E18E5 /* Pods */,
				0DA20438E091F1A106B80680 /* Frameworks */,
			);
			sourceTree = "<group>";
		};
		B90108F21BBC43FC0000023E /* Products */ = {
			isa = PBXGroup;
			children = (
				B90108F11BBC43FC0000023E /* SmartLock.app */,
				B90109071BBC43FC0000023E /* SmartLockTests.xctest */,
				B90109121BBC43FD0000023E /* SmartLockUITests.xctest */,
			);
			name = Products;
			sourceTree = "<group>";
		};
		B90108F31BBC43FC0000023E /* SmartLock */ = {
			isa = PBXGroup;
			children = (
				B93B9BE21BD6C2C40061D303 /* Transport */,
				B90108F41BBC43FC0000023E /* AppDelegate.swift */,
				B90108F61BBC43FC0000023E /* FirstViewController.swift */,
				B90108F81BBC43FC0000023E /* SecondViewController.swift */,
				B90108FA1BBC43FC0000023E /* Main.storyboard */,
				B90108FD1BBC43FC0000023E /* Assets.xcassets */,
				B90108FF1BBC43FC0000023E /* LaunchScreen.storyboard */,
				B90109021BBC43FC0000023E /* Info.plist */,
				2D49DD154EFDBE5610C23E94 /* Settings.swift */,
				2D49DC92E4A9348533DADD52 /* LocksmithSmartLock.swift */,
			);
			path = SmartLock;
			sourceTree = "<group>";
		};
		B901090A1BBC43FC0000023E /* SmartLockTests */ = {
			isa = PBXGroup;
			children = (
				B901090B1BBC43FC0000023E /* SmartLockTests.swift */,
				B901090D1BBC43FC0000023E /* Info.plist */,
				2D49D2A7F9EEA177BC011848 /* TransportSessionTest.swift */,
				2D49D548A999640D8433C536 /* LocksmithSmartLock.swift */,
			);
			path = SmartLockTests;
			sourceTree = "<group>";
		};
		B90109151BBC43FD0000023E /* SmartLockUITests */ = {
			isa = PBXGroup;
			children = (
				B90109161BBC43FD0000023E /* SmartLockUITests.swift */,
				B90109181BBC43FD0000023E /* Info.plist */,
			);
			path = SmartLockUITests;
			sourceTree = "<group>";
		};
		B93B9BE21BD6C2C40061D303 /* Transport */ = {
			isa = PBXGroup;
			children = (
				B93B9BDB1BD6C2B80061D303 /* FakeTransportSession.swift */,
				B93B9BDC1BD6C2B80061D303 /* TransportSession.swift */,
				B93B9BDD1BD6C2B80061D303 /* TransportSessionProtocol.swift */,
			);
			name = Transport;
			sourceTree = "<group>";
		};
/* End PBXGroup section */

/* Begin PBXNativeTarget section */
		B90108F01BBC43FC0000023E /* SmartLock */ = {
			isa = PBXNativeTarget;
			buildConfigurationList = B901091B1BBC43FD0000023E /* Build configuration list for PBXNativeTarget "SmartLock" */;
			buildPhases = (
				67E93FEC460BF67E7CFEA87B /* Check Pods Manifest.lock */,
				B90108ED1BBC43FC0000023E /* Sources */,
				B90108EE1BBC43FC0000023E /* Frameworks */,
				B90108EF1BBC43FC0000023E /* Resources */,
				3DCE1D9A165B5483DAC59AA1 /* Embed Pods Frameworks */,
				BAF14E584A76FA77DF017379 /* Copy Pods Resources */,
			);
			buildRules = (
			);
			dependencies = (
			);
			name = SmartLock;
			productName = SmartLock;
			productReference = B90108F11BBC43FC0000023E /* SmartLock.app */;
			productType = "com.apple.product-type.application";
		};
		B90109061BBC43FC0000023E /* SmartLockTests */ = {
			isa = PBXNativeTarget;
			buildConfigurationList = B901091E1BBC43FD0000023E /* Build configuration list for PBXNativeTarget "SmartLockTests" */;
			buildPhases = (
				B89E45A7F4E61CC1072416BA /* Check Pods Manifest.lock */,
				B90109031BBC43FC0000023E /* Sources */,
				B90109041BBC43FC0000023E /* Frameworks */,
				B90109051BBC43FC0000023E /* Resources */,
				7B304312BFF2CDA5584600BB /* Embed Pods Frameworks */,
				6798D83B0FE9EEE30832FE99 /* Copy Pods Resources */,
			);
			buildRules = (
			);
			dependencies = (
				B90109091BBC43FC0000023E /* PBXTargetDependency */,
			);
			name = SmartLockTests;
			productName = SmartLockTests;
			productReference = B90109071BBC43FC0000023E /* SmartLockTests.xctest */;
			productType = "com.apple.product-type.bundle.unit-test";
		};
		B90109111BBC43FD0000023E /* SmartLockUITests */ = {
			isa = PBXNativeTarget;
			buildConfigurationList = B90109211BBC43FD0000023E /* Build configuration list for PBXNativeTarget "SmartLockUITests" */;
			buildPhases = (
				B901090E1BBC43FD0000023E /* Sources */,
				B901090F1BBC43FD0000023E /* Frameworks */,
				B90109101BBC43FD0000023E /* Resources */,
			);
			buildRules = (
			);
			dependencies = (
				B90109141BBC43FD0000023E /* PBXTargetDependency */,
			);
			name = SmartLockUITests;
			productName = SmartLockUITests;
			productReference = B90109121BBC43FD0000023E /* SmartLockUITests.xctest */;
			productType = "com.apple.product-type.bundle.ui-testing";
		};
/* End PBXNativeTarget section */

/* Begin PBXProject section */
		B90108E91BBC43FC0000023E /* Project object */ = {
			isa = PBXProject;
			attributes = {
				LastSwiftUpdateCheck = 0700;
				LastUpgradeCheck = 0700;
				ORGANIZATIONNAME = "Sam Davies";
				TargetAttributes = {
					B90108F01BBC43FC0000023E = {
						CreatedOnToolsVersion = 7.0;
					};
					B90109061BBC43FC0000023E = {
						CreatedOnToolsVersion = 7.0;
						TestTargetID = B90108F01BBC43FC0000023E;
					};
					B90109111BBC43FD0000023E = {
						CreatedOnToolsVersion = 7.0;
						TestTargetID = B90108F01BBC43FC0000023E;
					};
				};
			};
			buildConfigurationList = B90108EC1BBC43FC0000023E /* Build configuration list for PBXProject "SmartLock" */;
			compatibilityVersion = "Xcode 3.2";
			developmentRegion = English;
			hasScannedForEncodings = 0;
			knownRegions = (
				en,
				Base,
			);
			mainGroup = B90108E81BBC43FC0000023E;
			productRefGroup = B90108F21BBC43FC0000023E /* Products */;
			projectDirPath = "";
			projectRoot = "";
			targets = (
				B90108F01BBC43FC0000023E /* SmartLock */,
				B90109061BBC43FC0000023E /* SmartLockTests */,
				B90109111BBC43FD0000023E /* SmartLockUITests */,
			);
		};
/* End PBXProject section */

/* Begin PBXResourcesBuildPhase section */
		B90108EF1BBC43FC0000023E /* Resources */ = {
			isa = PBXResourcesBuildPhase;
			buildActionMask = 2147483647;
			files = (
				B90109011BBC43FC0000023E /* LaunchScreen.storyboard in Resources */,
				B90108FE1BBC43FC0000023E /* Assets.xcassets in Resources */,
				B90108FC1BBC43FC0000023E /* Main.storyboard in Resources */,
			);
			runOnlyForDeploymentPostprocessing = 0;
		};
		B90109051BBC43FC0000023E /* Resources */ = {
			isa = PBXResourcesBuildPhase;
			buildActionMask = 2147483647;
			files = (
			);
			runOnlyForDeploymentPostprocessing = 0;
		};
		B90109101BBC43FD0000023E /* Resources */ = {
			isa = PBXResourcesBuildPhase;
			buildActionMask = 2147483647;
			files = (
			);
			runOnlyForDeploymentPostprocessing = 0;
		};
/* End PBXResourcesBuildPhase section */

/* Begin PBXShellScriptBuildPhase section */
		3DCE1D9A165B5483DAC59AA1 /* Embed Pods Frameworks */ = {
			isa = PBXShellScriptBuildPhase;
			buildActionMask = 2147483647;
			files = (
			);
			inputPaths = (
			);
			name = "Embed Pods Frameworks";
			outputPaths = (
			);
			runOnlyForDeploymentPostprocessing = 0;
			shellPath = /bin/sh;
			shellScript = "\"${SRCROOT}/Pods/Target Support Files/Pods/Pods-frameworks.sh\"\n";
			showEnvVarsInLog = 0;
		};
		6798D83B0FE9EEE30832FE99 /* Copy Pods Resources */ = {
			isa = PBXShellScriptBuildPhase;
			buildActionMask = 2147483647;
			files = (
			);
			inputPaths = (
			);
			name = "Copy Pods Resources";
			outputPaths = (
			);
			runOnlyForDeploymentPostprocessing = 0;
			shellPath = /bin/sh;
			shellScript = "\"${SRCROOT}/Pods/Target Support Files/Pods-SmartLockTests/Pods-SmartLockTests-resources.sh\"\n";
			showEnvVarsInLog = 0;
		};
		67E93FEC460BF67E7CFEA87B /* Check Pods Manifest.lock */ = {
			isa = PBXShellScriptBuildPhase;
			buildActionMask = 2147483647;
			files = (
			);
			inputPaths = (
			);
			name = "Check Pods Manifest.lock";
			outputPaths = (
			);
			runOnlyForDeploymentPostprocessing = 0;
			shellPath = /bin/sh;
			shellScript = "diff \"${PODS_ROOT}/../Podfile.lock\" \"${PODS_ROOT}/Manifest.lock\" > /dev/null\nif [[ $? != 0 ]] ; then\n    cat << EOM\nerror: The sandbox is not in sync with the Podfile.lock. Run 'pod install' or update your CocoaPods installation.\nEOM\n    exit 1\nfi\n";
			showEnvVarsInLog = 0;
		};
		7B304312BFF2CDA5584600BB /* Embed Pods Frameworks */ = {
			isa = PBXShellScriptBuildPhase;
			buildActionMask = 2147483647;
			files = (
			);
			inputPaths = (
			);
			name = "Embed Pods Frameworks";
			outputPaths = (
			);
			runOnlyForDeploymentPostprocessing = 0;
			shellPath = /bin/sh;
			shellScript = "\"${SRCROOT}/Pods/Target Support Files/Pods-SmartLockTests/Pods-SmartLockTests-frameworks.sh\"\n";
			showEnvVarsInLog = 0;
		};
		B89E45A7F4E61CC1072416BA /* Check Pods Manifest.lock */ = {
			isa = PBXShellScriptBuildPhase;
			buildActionMask = 2147483647;
			files = (
			);
			inputPaths = (
			);
			name = "Check Pods Manifest.lock";
			outputPaths = (
			);
			runOnlyForDeploymentPostprocessing = 0;
			shellPath = /bin/sh;
			shellScript = "diff \"${PODS_ROOT}/../Podfile.lock\" \"${PODS_ROOT}/Manifest.lock\" > /dev/null\nif [[ $? != 0 ]] ; then\n    cat << EOM\nerror: The sandbox is not in sync with the Podfile.lock. Run 'pod install' or update your CocoaPods installation.\nEOM\n    exit 1\nfi\n";
			showEnvVarsInLog = 0;
		};
		BAF14E584A76FA77DF017379 /* Copy Pods Resources */ = {
			isa = PBXShellScriptBuildPhase;
			buildActionMask = 2147483647;
			files = (
			);
			inputPaths = (
			);
			name = "Copy Pods Resources";
			outputPaths = (
			);
			runOnlyForDeploymentPostprocessing = 0;
			shellPath = /bin/sh;
			shellScript = "\"${SRCROOT}/Pods/Target Support Files/Pods/Pods-resources.sh\"\n";
			showEnvVarsInLog = 0;
		};
/* End PBXShellScriptBuildPhase section */

/* Begin PBXSourcesBuildPhase section */
		B90108ED1BBC43FC0000023E /* Sources */ = {
			isa = PBXSourcesBuildPhase;
			buildActionMask = 2147483647;
			files = (
				B90108F91BBC43FC0000023E /* SecondViewController.swift in Sources */,
				B90108F51BBC43FC0000023E /* AppDelegate.swift in Sources */,
				B93B9BDF1BD6C2B80061D303 /* FakeTransportSession.swift in Sources */,
				B93B9BE01BD6C2B80061D303 /* TransportSession.swift in Sources */,
				B93B9BE11BD6C2B80061D303 /* TransportSessionProtocol.swift in Sources */,
				B90108F71BBC43FC0000023E /* FirstViewController.swift in Sources */,
				2D49D72DC912AD4B5FC34E54 /* Settings.swift in Sources */,
				2D49D297041B2B8967C6D69E /* LocksmithSmartLock.swift in Sources */,
			);
			runOnlyForDeploymentPostprocessing = 0;
		};
		B90109031BBC43FC0000023E /* Sources */ = {
			isa = PBXSourcesBuildPhase;
			buildActionMask = 2147483647;
			files = (
				B901090C1BBC43FC0000023E /* SmartLockTests.swift in Sources */,
				2D49D0E7A0989A05CDFD622A /* TransportSessionTest.swift in Sources */,
				2D49D75D61B55A2776A554CC /* LocksmithSmartLock.swift in Sources */,
			);
			runOnlyForDeploymentPostprocessing = 0;
		};
		B901090E1BBC43FD0000023E /* Sources */ = {
			isa = PBXSourcesBuildPhase;
			buildActionMask = 2147483647;
			files = (
				B90109171BBC43FD0000023E /* SmartLockUITests.swift in Sources */,
			);
			runOnlyForDeploymentPostprocessing = 0;
		};
/* End PBXSourcesBuildPhase section */

/* Begin PBXTargetDependency section */
		B90109091BBC43FC0000023E /* PBXTargetDependency */ = {
			isa = PBXTargetDependency;
			target = B90108F01BBC43FC0000023E /* SmartLock */;
			targetProxy = B90109081BBC43FC0000023E /* PBXContainerItemProxy */;
		};
		B90109141BBC43FD0000023E /* PBXTargetDependency */ = {
			isa = PBXTargetDependency;
			target = B90108F01BBC43FC0000023E /* SmartLock */;
			targetProxy = B90109131BBC43FD0000023E /* PBXContainerItemProxy */;
		};
/* End PBXTargetDependency section */

/* Begin PBXVariantGroup section */
		B90108FA1BBC43FC0000023E /* Main.storyboard */ = {
			isa = PBXVariantGroup;
			children = (
				B90108FB1BBC43FC0000023E /* Base */,
			);
			name = Main.storyboard;
			sourceTree = "<group>";
		};
		B90108FF1BBC43FC0000023E /* LaunchScreen.storyboard */ = {
			isa = PBXVariantGroup;
			children = (
				B90109001BBC43FC0000023E /* Base */,
			);
			name = LaunchScreen.storyboard;
			sourceTree = "<group>";
		};
/* End PBXVariantGroup section */

/* Begin XCBuildConfiguration section */
		B90109191BBC43FD0000023E /* Debug */ = {
			isa = XCBuildConfiguration;
			buildSettings = {
				ALWAYS_SEARCH_USER_PATHS = NO;
				CLANG_CXX_LANGUAGE_STANDARD = "gnu++0x";
				CLANG_CXX_LIBRARY = "libc++";
				CLANG_ENABLE_MODULES = YES;
				CLANG_ENABLE_OBJC_ARC = YES;
				CLANG_WARN_BOOL_CONVERSION = YES;
				CLANG_WARN_CONSTANT_CONVERSION = YES;
				CLANG_WARN_DIRECT_OBJC_ISA_USAGE = YES_ERROR;
				CLANG_WARN_EMPTY_BODY = YES;
				CLANG_WARN_ENUM_CONVERSION = YES;
				CLANG_WARN_INT_CONVERSION = YES;
				CLANG_WARN_OBJC_ROOT_CLASS = YES_ERROR;
				CLANG_WARN_UNREACHABLE_CODE = YES;
				CLANG_WARN__DUPLICATE_METHOD_MATCH = YES;
				"CODE_SIGN_IDENTITY[sdk=iphoneos*]" = "iPhone Developer";
				COPY_PHASE_STRIP = NO;
				DEBUG_INFORMATION_FORMAT = dwarf;
				ENABLE_STRICT_OBJC_MSGSEND = YES;
				ENABLE_TESTABILITY = YES;
				GCC_C_LANGUAGE_STANDARD = gnu99;
				GCC_DYNAMIC_NO_PIC = NO;
				GCC_NO_COMMON_BLOCKS = YES;
				GCC_OPTIMIZATION_LEVEL = 0;
				GCC_PREPROCESSOR_DEFINITIONS = (
					"DEBUG=1",
					"$(inherited)",
				);
				GCC_WARN_64_TO_32_BIT_CONVERSION = YES;
				GCC_WARN_ABOUT_RETURN_TYPE = YES_ERROR;
				GCC_WARN_UNDECLARED_SELECTOR = YES;
				GCC_WARN_UNINITIALIZED_AUTOS = YES_AGGRESSIVE;
				GCC_WARN_UNUSED_FUNCTION = YES;
				GCC_WARN_UNUSED_VARIABLE = YES;
				IPHONEOS_DEPLOYMENT_TARGET = 9.0;
				MTL_ENABLE_DEBUG_INFO = YES;
				ONLY_ACTIVE_ARCH = YES;
				SDKROOT = iphoneos;
				SWIFT_OPTIMIZATION_LEVEL = "-Onone";
			};
			name = Debug;
		};
		B901091A1BBC43FD0000023E /* Release */ = {
			isa = XCBuildConfiguration;
			buildSettings = {
				ALWAYS_SEARCH_USER_PATHS = NO;
				CLANG_CXX_LANGUAGE_STANDARD = "gnu++0x";
				CLANG_CXX_LIBRARY = "libc++";
				CLANG_ENABLE_MODULES = YES;
				CLANG_ENABLE_OBJC_ARC = YES;
				CLANG_WARN_BOOL_CONVERSION = YES;
				CLANG_WARN_CONSTANT_CONVERSION = YES;
				CLANG_WARN_DIRECT_OBJC_ISA_USAGE = YES_ERROR;
				CLANG_WARN_EMPTY_BODY = YES;
				CLANG_WARN_ENUM_CONVERSION = YES;
				CLANG_WARN_INT_CONVERSION = YES;
				CLANG_WARN_OBJC_ROOT_CLASS = YES_ERROR;
				CLANG_WARN_UNREACHABLE_CODE = YES;
				CLANG_WARN__DUPLICATE_METHOD_MATCH = YES;
				"CODE_SIGN_IDENTITY[sdk=iphoneos*]" = "iPhone Developer";
				COPY_PHASE_STRIP = NO;
				DEBUG_INFORMATION_FORMAT = "dwarf-with-dsym";
				ENABLE_NS_ASSERTIONS = NO;
				ENABLE_STRICT_OBJC_MSGSEND = YES;
				GCC_C_LANGUAGE_STANDARD = gnu99;
				GCC_NO_COMMON_BLOCKS = YES;
				GCC_WARN_64_TO_32_BIT_CONVERSION = YES;
				GCC_WARN_ABOUT_RETURN_TYPE = YES_ERROR;
				GCC_WARN_UNDECLARED_SELECTOR = YES;
				GCC_WARN_UNINITIALIZED_AUTOS = YES_AGGRESSIVE;
				GCC_WARN_UNUSED_FUNCTION = YES;
				GCC_WARN_UNUSED_VARIABLE = YES;
				IPHONEOS_DEPLOYMENT_TARGET = 9.0;
				MTL_ENABLE_DEBUG_INFO = NO;
				SDKROOT = iphoneos;
				VALIDATE_PRODUCT = YES;
			};
			name = Release;
		};
		B901091C1BBC43FD0000023E /* Debug */ = {
			isa = XCBuildConfiguration;
			baseConfigurationReference = 9CF4C4F8927C408B801F1101 /* Pods.debug.xcconfig */;
			buildSettings = {
				ASSETCATALOG_COMPILER_APPICON_NAME = AppIcon;
				INFOPLIST_FILE = SmartLock/Info.plist;
				LD_RUNPATH_SEARCH_PATHS = "$(inherited) @executable_path/Frameworks";
				PRODUCT_BUNDLE_IDENTIFIER = samdavies.SmartLock;
				PRODUCT_NAME = "$(TARGET_NAME)";
			};
			name = Debug;
		};
		B901091D1BBC43FD0000023E /* Release */ = {
			isa = XCBuildConfiguration;
			baseConfigurationReference = 0BB20BCB9F090BDBFB18220F /* Pods.release.xcconfig */;
			buildSettings = {
				ASSETCATALOG_COMPILER_APPICON_NAME = AppIcon;
				INFOPLIST_FILE = SmartLock/Info.plist;
				LD_RUNPATH_SEARCH_PATHS = "$(inherited) @executable_path/Frameworks";
				PRODUCT_BUNDLE_IDENTIFIER = samdavies.SmartLock;
				PRODUCT_NAME = "$(TARGET_NAME)";
			};
			name = Release;
		};
		B901091F1BBC43FD0000023E /* Debug */ = {
			isa = XCBuildConfiguration;
			baseConfigurationReference = 2880BC66C48BB45E05DA3084 /* Pods-SmartLockTests.debug.xcconfig */;
			buildSettings = {
				BUNDLE_LOADER = "$(TEST_HOST)";
				INFOPLIST_FILE = SmartLockTests/Info.plist;
				LD_RUNPATH_SEARCH_PATHS = "$(inherited) @executable_path/Frameworks @loader_path/Frameworks";
				PRODUCT_BUNDLE_IDENTIFIER = samdavies.SmartLockTests;
				PRODUCT_NAME = "$(TARGET_NAME)";
				TEST_HOST = "$(BUILT_PRODUCTS_DIR)/SmartLock.app/SmartLock";
			};
			name = Debug;
		};
		B90109201BBC43FD0000023E /* Release */ = {
			isa = XCBuildConfiguration;
			baseConfigurationReference = 311C282A2CBF45D022523F42 /* Pods-SmartLockTests.release.xcconfig */;
			buildSettings = {
				BUNDLE_LOADER = "$(TEST_HOST)";
				INFOPLIST_FILE = SmartLockTests/Info.plist;
				LD_RUNPATH_SEARCH_PATHS = "$(inherited) @executable_path/Frameworks @loader_path/Frameworks";
				PRODUCT_BUNDLE_IDENTIFIER = samdavies.SmartLockTests;
				PRODUCT_NAME = "$(TARGET_NAME)";
				TEST_HOST = "$(BUILT_PRODUCTS_DIR)/SmartLock.app/SmartLock";
			};
			name = Release;
		};
		B90109221BBC43FD0000023E /* Debug */ = {
			isa = XCBuildConfiguration;
			buildSettings = {
				INFOPLIST_FILE = SmartLockUITests/Info.plist;
				LD_RUNPATH_SEARCH_PATHS = "$(inherited) @executable_path/Frameworks @loader_path/Frameworks";
				PRODUCT_BUNDLE_IDENTIFIER = samdavies.SmartLockUITests;
				PRODUCT_NAME = "$(TARGET_NAME)";
				TEST_TARGET_NAME = SmartLock;
				USES_XCTRUNNER = YES;
			};
			name = Debug;
		};
		B90109231BBC43FD0000023E /* Release */ = {
			isa = XCBuildConfiguration;
			buildSettings = {
				INFOPLIST_FILE = SmartLockUITests/Info.plist;
				LD_RUNPATH_SEARCH_PATHS = "$(inherited) @executable_path/Frameworks @loader_path/Frameworks";
				PRODUCT_BUNDLE_IDENTIFIER = samdavies.SmartLockUITests;
				PRODUCT_NAME = "$(TARGET_NAME)";
				TEST_TARGET_NAME = SmartLock;
				USES_XCTRUNNER = YES;
			};
			name = Release;
		};
/* End XCBuildConfiguration section */

/* Begin XCConfigurationList section */
		B90108EC1BBC43FC0000023E /* Build configuration list for PBXProject "SmartLock" */ = {
			isa = XCConfigurationList;
			buildConfigurations = (
				B90109191BBC43FD0000023E /* Debug */,
				B901091A1BBC43FD0000023E /* Release */,
			);
			defaultConfigurationIsVisible = 0;
			defaultConfigurationName = Release;
		};
		B901091B1BBC43FD0000023E /* Build configuration list for PBXNativeTarget "SmartLock" */ = {
			isa = XCConfigurationList;
			buildConfigurations = (
				B901091C1BBC43FD0000023E /* Debug */,
				B901091D1BBC43FD0000023E /* Release */,
			);
			defaultConfigurationIsVisible = 0;
			defaultConfigurationName = Release;
		};
		B901091E1BBC43FD0000023E /* Build configuration list for PBXNativeTarget "SmartLockTests" */ = {
			isa = XCConfigurationList;
			buildConfigurations = (
				B901091F1BBC43FD0000023E /* Debug */,
				B90109201BBC43FD0000023E /* Release */,
			);
			defaultConfigurationIsVisible = 0;
			defaultConfigurationName = Release;
		};
		B90109211BBC43FD0000023E /* Build configuration list for PBXNativeTarget "SmartLockUITests" */ = {
			isa = XCConfigurationList;
			buildConfigurations = (
				B90109221BBC43FD0000023E /* Debug */,
				B90109231BBC43FD0000023E /* Release */,
			);
			defaultConfigurationIsVisible = 0;
			defaultConfigurationName = Release;
		};
/* End XCConfigurationList section */
	};
	rootObject = B90108E91BBC43FC0000023E /* Project object */;
}
